
Microsoft Visual Studio Solution File, Format Version 12.00
# Visual Studio Version 17
VisualStudioVersion = 17.4.33213.308
MinimumVisualStudioVersion = 10.0.40219.1
Project("{FAE04EC0-301F-11D3-BF4B-00C04F79EFBC}") = "InduSoft", "InduSoft\InduSoft.csproj", "{84221B89-73ED-45DA-8EFD-DFDA6EB98AAC}"
EndProject
Global
	GlobalSection(SolutionConfigurationPlatforms) = preSolution
		Debug|Any CPU = Debug|Any CPU
		Release|Any CPU = Release|Any CPU
	EndGlobalSection
	GlobalSection(ProjectConfigurationPlatforms) = postSolution
		{84221B89-73ED-45DA-8EFD-DFDA6EB98AAC}.Debug|Any CPU.ActiveCfg = Debug|Any CPU
		{84221B89-73ED-45DA-8EFD-DFDA6EB98AAC}.Debug|Any CPU.Build.0 = Debug|Any CPU
		{84221B89-73ED-45DA-8EFD-DFDA6EB98AAC}.Release|Any CPU.ActiveCfg = Release|Any CPU
		{84221B89-73ED-45DA-8EFD-DFDA6EB98AAC}.Release|Any CPU.Build.0 = Release|Any CPU
	EndGlobalSection
	GlobalSection(SolutionProperties) = preSolution
		HideSolutionNode = FALSE
	EndGlobalSection
	GlobalSection(ExtensibilityGlobals) = postSolution
		SolutionGuid = {B3B4EDB7-9547-4713-9391-5EB46ECCFEE5}
	EndGlobalSection
EndGlobal
